{
  "name": "integralui-web-quickstart-javascript",
  "version": "23.1.0",
  "lockfileVersion": 2,
  "requires": true,
  "packages": {
    "": {
      "name": "integralui-web-quickstart-javascript",
      "version": "23.1.0",
      "license": "SEE LICENSE in LICENSE.md",
      "dependencies": {
        "integralui-web": "~23.1.0"
      }
    },
    "node_modules/integralui-web": {
      "version": "23.1.0",
      "resolved": "https://registry.npmjs.org/integralui-web/-/integralui-web-23.1.0.tgz",
      "integrity": "sha512-/u/tRI74q6IKuejr8kdRdt0px5Q8BJd87oZxZzg1XUyY2fa3VQrrWHQbj1DoVwYjgT3BswdEtU6Vi5cK2KoDbA=="
    }
  },
  "dependencies": {
    "integralui-web": {
      "version": "23.1.0",
      "resolved": "https://registry.npmjs.org/integralui-web/-/integralui-web-23.1.0.tgz",
      "integrity": "sha512-/u/tRI74q6IKuejr8kdRdt0px5Q8BJd87oZxZzg1XUyY2fa3VQrrWHQbj1DoVwYjgT3BswdEtU6Vi5cK2KoDbA=="
    }
  }
}
